
Microsoft Visual Studio Solution File, Format Version 12.00
# Visual Studio Version 17
VisualStudioVersion = 17.3.32901.215
MinimumVisualStudioVersion = 10.0.40219.1
Project("{8BC9CEB8-8B4A-11D0-8D11-00A0C91BC942}") = "EX_0", "EX_0\EX_0.vcxproj", "{C70B80AE-8294-42F9-B1CF-1812E9640D67}"
EndProject
Project("{8BC9CEB8-8B4A-11D0-8D11-00A0C91BC942}") = "LAB11_1", "LAB11_1\LAB11_1.vcxproj", "{1FE5BEC2-EE0A-4E89-8178-FEC1C75DFD64}"
EndProject
Project("{8BC9CEB8-8B4A-11D0-8D11-00A0C91BC942}") = "LAB11_2", "LAB11_2\LAB11_2.vcxproj", "{4636664C-A61C-4B36-8BD0-709851E21052}"
EndProject
Project("{8BC9CEB8-8B4A-11D0-8D11-00A0C91BC942}") = "LAB11_3", "LAB11_3\LAB11_3.vcxproj", "{61C8D1E6-0653-46B1-8651-E09CEA1368FC}"
EndProject
Project("{8BC9CEB8-8B4A-11D0-8D11-00A0C91BC942}") = "LAB11_4", "LAB11_4\LAB11_4.vcxproj", "{0B362854-EB0F-4CCD-9309-568521FCCB85}"
EndProject
Project("{8BC9CEB8-8B4A-11D0-8D11-00A0C91BC942}") = "HW11_1", "HW11_1\HW11_1.vcxproj", "{6A481BD7-3322-48CE-AE1C-5B38E9EBA56D}"
EndProject
Project("{8BC9CEB8-8B4A-11D0-8D11-00A0C91BC942}") = "HW11_2", "HW11_2\HW11_2.vcxproj", "{3A33A59A-487E-421A-8067-FCCFCA5591C1}"
EndProject
Project("{8BC9CEB8-8B4A-11D0-8D11-00A0C91BC942}") = "LAB11_6", "LAB11_6\LAB11_6.vcxproj", "{9B52C3BA-2F17-4FF5-B193-2CF580FF8782}"
EndProject
Project("{8BC9CEB8-8B4A-11D0-8D11-00A0C91BC942}") = "HW11_4", "HW11_4\HW11_4.vcxproj", "{D3252BD1-F930-41CE-A834-9AAF9886BD0F}"
EndProject
Project("{8BC9CEB8-8B4A-11D0-8D11-00A0C91BC942}") = "HW11_5", "HW11_5\HW11_5.vcxproj", "{1945C58A-9569-40C8-AFCB-A03CB1534796}"
EndProject
Project("{8BC9CEB8-8B4A-11D0-8D11-00A0C91BC942}") = "HW11_6", "HW11_6\HW11_6.vcxproj", "{E1CB2AA5-461E-480B-9CA4-CA634EDA6720}"
EndProject
Project("{8BC9CEB8-8B4A-11D0-8D11-00A0C91BC942}") = "LAB11_7_1", "LAB11_7_1\LAB11_7_1.vcxproj", "{F714F4CE-931F-49EC-8CC0-76487F2FD920}"
EndProject
Project("{8BC9CEB8-8B4A-11D0-8D11-00A0C91BC942}") = "LAB11_7_2", "LAB11_7_2\LAB11_7_2.vcxproj", "{1DE226CF-D4DB-44B6-9B77-9323FC285F6A}"
EndProject
Project("{8BC9CEB8-8B4A-11D0-8D11-00A0C91BC942}") = "HW11_3", "HW11_3\HW11_3.vcxproj", "{4F1FC7BE-FB1B-4326-8C64-439D174534A4}"
EndProject
Global
	GlobalSection(SolutionConfigurationPlatforms) = preSolution
		Debug|x64 = Debug|x64
		Debug|x86 = Debug|x86
		Release|x64 = Release|x64
		Release|x86 = Release|x86
	EndGlobalSection
	GlobalSection(ProjectConfigurationPlatforms) = postSolution
		{C70B80AE-8294-42F9-B1CF-1812E9640D67}.Debug|x64.ActiveCfg = Debug|x64
		{C70B80AE-8294-42F9-B1CF-1812E9640D67}.Debug|x64.Build.0 = Debug|x64
		{C70B80AE-8294-42F9-B1CF-1812E9640D67}.Debug|x86.ActiveCfg = Debug|Win32
		{C70B80AE-8294-42F9-B1CF-1812E9640D67}.Debug|x86.Build.0 = Debug|Win32
		{C70B80AE-8294-42F9-B1CF-1812E9640D67}.Release|x64.ActiveCfg = Release|x64
		{C70B80AE-8294-42F9-B1CF-1812E9640D67}.Release|x64.Build.0 = Release|x64
		{C70B80AE-8294-42F9-B1CF-1812E9640D67}.Release|x86.ActiveCfg = Release|Win32
		{C70B80AE-8294-42F9-B1CF-1812E9640D67}.Release|x86.Build.0 = Release|Win32
		{1FE5BEC2-EE0A-4E89-8178-FEC1C75DFD64}.Debug|x64.ActiveCfg = Debug|x64
		{1FE5BEC2-EE0A-4E89-8178-FEC1C75DFD64}.Debug|x64.Build.0 = Debug|x64
		{1FE5BEC2-EE0A-4E89-8178-FEC1C75DFD64}.Debug|x86.ActiveCfg = Debug|Win32
		{1FE5BEC2-EE0A-4E89-8178-FEC1C75DFD64}.Debug|x86.Build.0 = Debug|Win32
		{1FE5BEC2-EE0A-4E89-8178-FEC1C75DFD64}.Release|x64.ActiveCfg = Release|x64
		{1FE5BEC2-EE0A-4E89-8178-FEC1C75DFD64}.Release|x64.Build.0 = Release|x64
		{1FE5BEC2-EE0A-4E89-8178-FEC1C75DFD64}.Release|x86.ActiveCfg = Release|Win32
		{1FE5BEC2-EE0A-4E89-8178-FEC1C75DFD64}.Release|x86.Build.0 = Release|Win32
		{4636664C-A61C-4B36-8BD0-709851E21052}.Debug|x64.ActiveCfg = Debug|x64
		{4636664C-A61C-4B36-8BD0-709851E21052}.Debug|x64.Build.0 = Debug|x64
		{4636664C-A61C-4B36-8BD0-709851E21052}.Debug|x86.ActiveCfg = Debug|Win32
		{4636664C-A61C-4B36-8BD0-709851E21052}.Debug|x86.Build.0 = Debug|Win32
		{4636664C-A61C-4B36-8BD0-709851E21052}.Release|x64.ActiveCfg = Release|x64
		{4636664C-A61C-4B36-8BD0-709851E21052}.Release|x64.Build.0 = Release|x64
		{4636664C-A61C-4B36-8BD0-709851E21052}.Release|x86.ActiveCfg = Release|Win32
		{4636664C-A61C-4B36-8BD0-709851E21052}.Release|x86.Build.0 = Release|Win32
		{61C8D1E6-0653-46B1-8651-E09CEA1368FC}.Debug|x64.ActiveCfg = Debug|x64
		{61C8D1E6-0653-46B1-8651-E09CEA1368FC}.Debug|x64.Build.0 = Debug|x64
		{61C8D1E6-0653-46B1-8651-E09CEA1368FC}.Debug|x86.ActiveCfg = Debug|Win32
		{61C8D1E6-0653-46B1-8651-E09CEA1368FC}.Debug|x86.Build.0 = Debug|Win32
		{61C8D1E6-0653-46B1-8651-E09CEA1368FC}.Release|x64.ActiveCfg = Release|x64
		{61C8D1E6-0653-46B1-8651-E09CEA1368FC}.Release|x64.Build.0 = Release|x64
		{61C8D1E6-0653-46B1-8651-E09CEA1368FC}.Release|x86.ActiveCfg = Release|Win32
		{61C8D1E6-0653-46B1-8651-E09CEA1368FC}.Release|x86.Build.0 = Release|Win32
		{0B362854-EB0F-4CCD-9309-568521FCCB85}.Debug|x64.ActiveCfg = Debug|x64
		{0B362854-EB0F-4CCD-9309-568521FCCB85}.Debug|x64.Build.0 = Debug|x64
		{0B362854-EB0F-4CCD-9309-568521FCCB85}.Debug|x86.ActiveCfg = Debug|Win32
		{0B362854-EB0F-4CCD-9309-568521FCCB85}.Debug|x86.Build.0 = Debug|Win32
		{0B362854-EB0F-4CCD-9309-568521FCCB85}.Release|x64.ActiveCfg = Release|x64
		{0B362854-EB0F-4CCD-9309-568521FCCB85}.Release|x64.Build.0 = Release|x64
		{0B362854-EB0F-4CCD-9309-568521FCCB85}.Release|x86.ActiveCfg = Release|Win32
		{0B362854-EB0F-4CCD-9309-568521FCCB85}.Release|x86.Build.0 = Release|Win32
		{6A481BD7-3322-48CE-AE1C-5B38E9EBA56D}.Debug|x64.ActiveCfg = Debug|x64
		{6A481BD7-3322-48CE-AE1C-5B38E9EBA56D}.Debug|x64.Build.0 = Debug|x64
		{6A481BD7-3322-48CE-AE1C-5B38E9EBA56D}.Debug|x86.ActiveCfg = Debug|Win32
		{6A481BD7-3322-48CE-AE1C-5B38E9EBA56D}.Debug|x86.Build.0 = Debug|Win32
		{6A481BD7-3322-48CE-AE1C-5B38E9EBA56D}.Release|x64.ActiveCfg = Release|x64
		{6A481BD7-3322-48CE-AE1C-5B38E9EBA56D}.Release|x64.Build.0 = Release|x64
		{6A481BD7-3322-48CE-AE1C-5B38E9EBA56D}.Release|x86.ActiveCfg = Release|Win32
		{6A481BD7-3322-48CE-AE1C-5B38E9EBA56D}.Release|x86.Build.0 = Release|Win32
		{3A33A59A-487E-421A-8067-FCCFCA5591C1}.Debug|x64.ActiveCfg = Debug|x64
		{3A33A59A-487E-421A-8067-FCCFCA5591C1}.Debug|x64.Build.0 = Debug|x64
		{3A33A59A-487E-421A-8067-FCCFCA5591C1}.Debug|x86.ActiveCfg = Debug|Win32
		{3A33A59A-487E-421A-8067-FCCFCA5591C1}.Debug|x86.Build.0 = Debug|Win32
		{3A33A59A-487E-421A-8067-FCCFCA5591C1}.Release|x64.ActiveCfg = Release|x64
		{3A33A59A-487E-421A-8067-FCCFCA5591C1}.Release|x64.Build.0 = Release|x64
		{3A33A59A-487E-421A-8067-FCCFCA5591C1}.Release|x86.ActiveCfg = Release|Win32
		{3A33A59A-487E-421A-8067-FCCFCA5591C1}.Release|x86.Build.0 = Release|Win32
		{9B52C3BA-2F17-4FF5-B193-2CF580FF8782}.Debug|x64.ActiveCfg = Debug|x64
		{9B52C3BA-2F17-4FF5-B193-2CF580FF8782}.Debug|x64.Build.0 = Debug|x64
		{9B52C3BA-2F17-4FF5-B193-2CF580FF8782}.Debug|x86.ActiveCfg = Debug|Win32
		{9B52C3BA-2F17-4FF5-B193-2CF580FF8782}.Debug|x86.Build.0 = Debug|Win32
		{9B52C3BA-2F17-4FF5-B193-2CF580FF8782}.Release|x64.ActiveCfg = Release|x64
		{9B52C3BA-2F17-4FF5-B193-2CF580FF8782}.Release|x64.Build.0 = Release|x64
		{9B52C3BA-2F17-4FF5-B193-2CF580FF8782}.Release|x86.ActiveCfg = Release|Win32
		{9B52C3BA-2F17-4FF5-B193-2CF580FF8782}.Release|x86.Build.0 = Release|Win32
		{D3252BD1-F930-41CE-A834-9AAF9886BD0F}.Debug|x64.ActiveCfg = Debug|x64
		{D3252BD1-F930-41CE-A834-9AAF9886BD0F}.Debug|x64.Build.0 = Debug|x64
		{D3252BD1-F930-41CE-A834-9AAF9886BD0F}.Debug|x86.ActiveCfg = Debug|Win32
		{D3252BD1-F930-41CE-A834-9AAF9886BD0F}.Debug|x86.Build.0 = Debug|Win32
		{D3252BD1-F930-41CE-A834-9AAF9886BD0F}.Release|x64.ActiveCfg = Release|x64
		{D3252BD1-F930-41CE-A834-9AAF9886BD0F}.Release|x64.Build.0 = Release|x64
		{D3252BD1-F930-41CE-A834-9AAF9886BD0F}.Release|x86.ActiveCfg = Release|Win32
		{D3252BD1-F930-41CE-A834-9AAF9886BD0F}.Release|x86.Build.0 = Release|Win32
		{1945C58A-9569-40C8-AFCB-A03CB1534796}.Debug|x64.ActiveCfg = Debug|x64
		{1945C58A-9569-40C8-AFCB-A03CB1534796}.Debug|x64.Build.0 = Debug|x64
		{1945C58A-9569-40C8-AFCB-A03CB1534796}.Debug|x86.ActiveCfg = Debug|Win32
		{1945C58A-9569-40C8-AFCB-A03CB1534796}.Debug|x86.Build.0 = Debug|Win32
		{1945C58A-9569-40C8-AFCB-A03CB1534796}.Release|x64.ActiveCfg = Release|x64
		{1945C58A-9569-40C8-AFCB-A03CB1534796}.Release|x64.Build.0 = Release|x64
		{1945C58A-9569-40C8-AFCB-A03CB1534796}.Release|x86.ActiveCfg = Release|Win32
		{1945C58A-9569-40C8-AFCB-A03CB1534796}.Release|x86.Build.0 = Release|Win32
		{E1CB2AA5-461E-480B-9CA4-CA634EDA6720}.Debug|x64.ActiveCfg = Debug|x64
		{E1CB2AA5-461E-480B-9CA4-CA634EDA6720}.Debug|x64.Build.0 = Debug|x64
		{E1CB2AA5-461E-480B-9CA4-CA634EDA6720}.Debug|x86.ActiveCfg = Debug|Win32
		{E1CB2AA5-461E-480B-9CA4-CA634EDA6720}.Debug|x86.Build.0 = Debug|Win32
		{E1CB2AA5-461E-480B-9CA4-CA634EDA6720}.Release|x64.ActiveCfg = Release|x64
		{E1CB2AA5-461E-480B-9CA4-CA634EDA6720}.Release|x64.Build.0 = Release|x64
		{E1CB2AA5-461E-480B-9CA4-CA634EDA6720}.Release|x86.ActiveCfg = Release|Win32
		{E1CB2AA5-461E-480B-9CA4-CA634EDA6720}.Release|x86.Build.0 = Release|Win32
		{F714F4CE-931F-49EC-8CC0-76487F2FD920}.Debug|x64.ActiveCfg = Debug|x64
		{F714F4CE-931F-49EC-8CC0-76487F2FD920}.Debug|x64.Build.0 = Debug|x64
		{F714F4CE-931F-49EC-8CC0-76487F2FD920}.Debug|x86.ActiveCfg = Debug|Win32
		{F714F4CE-931F-49EC-8CC0-76487F2FD920}.Debug|x86.Build.0 = Debug|Win32
		{F714F4CE-931F-49EC-8CC0-76487F2FD920}.Release|x64.ActiveCfg = Release|x64
		{F714F4CE-931F-49EC-8CC0-76487F2FD920}.Release|x64.Build.0 = Release|x64
		{F714F4CE-931F-49EC-8CC0-76487F2FD920}.Release|x86.ActiveCfg = Release|Win32
		{F714F4CE-931F-49EC-8CC0-76487F2FD920}.Release|x86.Build.0 = Release|Win32
		{1DE226CF-D4DB-44B6-9B77-9323FC285F6A}.Debug|x64.ActiveCfg = Debug|x64
		{1DE226CF-D4DB-44B6-9B77-9323FC285F6A}.Debug|x64.Build.0 = Debug|x64
		{1DE226CF-D4DB-44B6-9B77-9323FC285F6A}.Debug|x86.ActiveCfg = Debug|Win32
		{1DE226CF-D4DB-44B6-9B77-9323FC285F6A}.Debug|x86.Build.0 = Debug|Win32
		{1DE226CF-D4DB-44B6-9B77-9323FC285F6A}.Release|x64.ActiveCfg = Release|x64
		{1DE226CF-D4DB-44B6-9B77-9323FC285F6A}.Release|x64.Build.0 = Release|x64
		{1DE226CF-D4DB-44B6-9B77-9323FC285F6A}.Release|x86.ActiveCfg = Release|Win32
		{1DE226CF-D4DB-44B6-9B77-9323FC285F6A}.Release|x86.Build.0 = Release|Win32
		{4F1FC7BE-FB1B-4326-8C64-439D174534A4}.Debug|x64.ActiveCfg = Debug|x64
		{4F1FC7BE-FB1B-4326-8C64-439D174534A4}.Debug|x64.Build.0 = Debug|x64
		{4F1FC7BE-FB1B-4326-8C64-439D174534A4}.Debug|x86.ActiveCfg = Debug|Win32
		{4F1FC7BE-FB1B-4326-8C64-439D174534A4}.Debug|x86.Build.0 = Debug|Win32
		{4F1FC7BE-FB1B-4326-8C64-439D174534A4}.Release|x64.ActiveCfg = Release|x64
		{4F1FC7BE-FB1B-4326-8C64-439D174534A4}.Release|x64.Build.0 = Release|x64
		{4F1FC7BE-FB1B-4326-8C64-439D174534A4}.Release|x86.ActiveCfg = Release|Win32
		{4F1FC7BE-FB1B-4326-8C64-439D174534A4}.Release|x86.Build.0 = Release|Win32
	EndGlobalSection
	GlobalSection(SolutionProperties) = preSolution
		HideSolutionNode = FALSE
	EndGlobalSection
	GlobalSection(ExtensibilityGlobals) = postSolution
		SolutionGuid = {1D123DE5-70B6-4E78-8583-71CA81B5B567}
	EndGlobalSection
EndGlobal
